lockfileVersion: '9.0'

settings:
  autoInstallPeers: true
  excludeLinksFromLockfile: false

importers:

  .:
    dependencies:
      '@cocos/dragonbones-js':
        specifier: ^1.0.2
        version: 1.0.2
      '@esotericsoftware/spine-core':
        specifier: ^4.2.104
        version: 4.2.104
      box2d-wasm:
        specifier: ^7.0.0
        version: 7.0.0
      cocos-html5-ts:
        specifier: ^2.1.7
        version: 2.1.7
      entityx-ts:
        specifier: ^2.3.1
        version: 2.3.1
    devDependencies:
      typescript:
        specifier: ^5.9.3
        version: 5.9.3

packages:

  '@cocos/dragonbones-js@1.0.2':
    resolution: {integrity: sha512-QeTxZwLr4OeOZDo7ENJfdmwmv9mb68iNNGXUSGqazy/kHTXpBwe2thWvYwxJyM+8+RTsVFkyEhxRkCIfulfN7g==}

  '@esotericsoftware/spine-core@4.2.104':
    resolution: {integrity: sha512-lLgHAIcGTeG2OgX98+Fk09Qfpzf+gyVhOf5TZLrSE2pxNrM7BRoosFb/RuO/WD89gZEATyBhc8y7l7PIDOORrA==}

  '@types/emscripten@1.41.5':
    resolution: {integrity: sha512-cMQm7pxu6BxtHyqJ7mQZ2kXWV5SLmugybFdHCBbJ5eHzOo6VhBckEgAT3//rP5FwPHNPeEiq4SmQ5ucBwsOo4Q==}

  box2d-wasm@7.0.0:
    resolution: {integrity: sha512-6KbPoYDjm259fTh/3dw/HgP0tbqIBtKTNy2shtphWjMYgHOlYpmygHSLl6qOT79ObSiscVdkL8bYuH95bbLSSw==}

  cocos-html5-ts@2.1.7:
    resolution: {integrity: sha512-RdUBryfEPHheBshTxU//GQVOPX3qCLH6ZmjKs5zYgAi6wFVYSRZN7HbAEzSz15CJ8lkn8djJAm4s/OUeszXryw==}

  entityx-ts@2.3.1:
    resolution: {integrity: sha512-y4wEkwO44+xwtFU1R2Nq4+xiUowp8TH91EFd2RXEDu4C11SXeU8L3x3S3ORZy7pSoIUdQ4TaxkgiRuitk/XFMQ==}

  typescript@5.9.3:
    resolution: {integrity: sha512-jl1vZzPDinLr9eUt3J/t7V6FgNEw9QjvBPdysz9KfQDD41fQrC2Y4vKQdiaUpFT4bXlb1RHhLpp8wtm6M5TgSw==}
    engines: {node: '>=14.17'}
    hasBin: true

snapshots:

  '@cocos/dragonbones-js@1.0.2': {}

  '@esotericsoftware/spine-core@4.2.104': {}

  '@types/emscripten@1.41.5': {}

  box2d-wasm@7.0.0:
    dependencies:
      '@types/emscripten': 1.41.5

  cocos-html5-ts@2.1.7: {}

  entityx-ts@2.3.1: {}

  typescript@5.9.3: {}
