lockfileVersion: '9.0'

settings:
  autoInstallPeers: true
  excludeLinksFromLockfile: false

importers:

  .:
    dependencies:
      '@esotericsoftware/spine-core':
        specifier: ^4.2.70
        version: 4.2.70
      cocos-html5-ts:
        specifier: ^1.1.3
        version: 1.1.3
      entityx-ts:
        specifier: ^1.0.0
        version: 1.0.0
      lodash:
        specifier: ^4.17.21
        version: 4.17.21
    devDependencies:
      '@types/lodash':
        specifier: ^4.17.14
        version: 4.17.14
      typescript:
        specifier: ^5.7.3
        version: 5.7.3

packages:

  '@esotericsoftware/spine-core@4.2.70':
    resolution: {integrity: sha512-J7DS6Z5tlZTOyqio1naY8K8OeRByE62AtBix/4aNUgrIFSHjPj0yDrp87UjOPKc5V5cJPasoqpmFO8By0N9egw==}

  '@types/lodash@4.17.14':
    resolution: {integrity: sha512-jsxagdikDiDBeIRaPYtArcT8my4tN1og7MtMRquFT3XNA6axxyHDRUemqDz/taRDdOUn0GnGHRCuff4q48sW9A==}

  cocos-html5-ts@1.1.3:
    resolution: {integrity: sha512-41eWG1wwZVFuQJZ+jTvaDpxII/8840L3TPnEPxT4dXmBYdZe4u4QWjqJW7XXdNCrxTSS7eKVbNklEaI+Pi/H0A==}

  entityx-ts@1.0.0:
    resolution: {integrity: sha512-AKLlU5OD1MxEoSlWOnA1pBXAfEu6gwE+gRAQ7IYZ85ZY4lFo4jXZxUOISGDW263FeMELWOV1UxpYiP6SRXaUcA==}

  lodash@4.17.21:
    resolution: {integrity: sha512-v2kDEe57lecTulaDIuNTPy3Ry4gLGJ6Z1O3vE1krgXZNrsQ+LFTGHVxVjcXPs17LhbZVGedAJv8XZ1tvj5FvSg==}

  typescript@5.7.3:
    resolution: {integrity: sha512-84MVSjMEHP+FQRPy3pX9sTVV/INIex71s9TL2Gm5FG/WG1SqXeKyZ0k7/blY/4FdOzI12CBy1vGc4og/eus0fw==}
    engines: {node: '>=14.17'}
    hasBin: true

snapshots:

  '@esotericsoftware/spine-core@4.2.70': {}

  '@types/lodash@4.17.14': {}

  cocos-html5-ts@1.1.3: {}

  entityx-ts@1.0.0: {}

  lodash@4.17.21: {}

  typescript@5.7.3: {}
